
Microsoft Visual Studio Solution File, Format Version 12.00
# Visual Studio Version 16
VisualStudioVersion = 16.0.33927.289
MinimumVisualStudioVersion = 10.0.40219.1
Project("{2150E333-8FDC-42A3-9474-1A3956D46DE8}") = "Task0", "Task0", "{3F5E041F-1BCF-40C4-ABCA-33228A5A51B1}"
EndProject
Project("{FAE04EC0-301F-11D3-BF4B-00C04F79EFBC}") = "Tyuiu.TarasovVD.Sprint1.Task0.V1", "Tyuiu.TarasovVD.Sprint1.Task0.V1\Tyuiu.TarasovVD.Sprint1.Task0.V1.csproj", "{BC5C6152-CB16-4C8A-B98E-30D226D0E988}"
EndProject
Project("{FAE04EC0-301F-11D3-BF4B-00C04F79EFBC}") = "Tyuiu.TarasovVD.Sprint1.Task0.V1.Lib", "Tyuiu.TarasovVD.Sprint1.Task0.V1.Lib\Tyuiu.TarasovVD.Sprint1.Task0.V1.Lib.csproj", "{BB145441-2D94-4953-B09C-07578C3A1B2F}"
EndProject
Project("{FAE04EC0-301F-11D3-BF4B-00C04F79EFBC}") = "Tyuiu.TarasovVD.Sprint1.Task0.V1.Test", "Tyuiu.TarasovVD.Sprint1.Task0.V1.Test\Tyuiu.TarasovVD.Sprint1.Task0.V1.Test.csproj", "{C5CBBC24-EDA5-4D47-9074-3D0302EB50AB}"
EndProject
Project("{2150E333-8FDC-42A3-9474-1A3956D46DE8}") = "Task1", "Task1", "{38B7B65B-EE48-4B74-84EF-6B7741A9FD70}"
EndProject
Project("{2150E333-8FDC-42A3-9474-1A3956D46DE8}") = "Task2", "Task2", "{B769ACCA-4303-49E0-984C-06E8DF62E3B3}"
EndProject
Project("{2150E333-8FDC-42A3-9474-1A3956D46DE8}") = "Task3", "Task3", "{2E570154-5E6B-4128-A0F9-1B2278504C1B}"
EndProject
Project("{2150E333-8FDC-42A3-9474-1A3956D46DE8}") = "Task4", "Task4", "{95053678-B2E3-486C-8CE1-D9D9248BB91A}"
EndProject
Project("{2150E333-8FDC-42A3-9474-1A3956D46DE8}") = "Task5", "Task5", "{F9DDCC04-6E28-4992-A043-2C7AC41B58A5}"
EndProject
Project("{2150E333-8FDC-42A3-9474-1A3956D46DE8}") = "Task6", "Task6", "{FECAFD08-9064-4B91-8D95-031D1D401ADB}"
EndProject
Project("{2150E333-8FDC-42A3-9474-1A3956D46DE8}") = "Task7", "Task7", "{6E5600AC-DF77-4AD4-A8F3-1835A771A866}"
EndProject
Project("{FAE04EC0-301F-11D3-BF4B-00C04F79EFBC}") = "Tyuiu.TarasovVD.Sprint1.Task1.V5", "Tyuiu.TarasovVD.Sprint1.Task1.V5\Tyuiu.TarasovVD.Sprint1.Task1.V5.csproj", "{B41DA173-47F3-4C37-92C1-1EDA50869B5A}"
EndProject
Project("{FAE04EC0-301F-11D3-BF4B-00C04F79EFBC}") = "Tyuiu.TarasovVD.Sprint1.Task1.V5.Lib", "Tyuiu.TarasovVD.Sprint1.Task1.V5.Lib\Tyuiu.TarasovVD.Sprint1.Task1.V5.Lib.csproj", "{AA08CD87-466D-4DCE-A3CC-04AC1ECA3FF3}"
EndProject
Project("{FAE04EC0-301F-11D3-BF4B-00C04F79EFBC}") = "Tyuiu.TarasovVD.Sprint1.Task1.V5.Test", "Tyuiu.TarasovVD.Sprint1.Task1.V5.Test\Tyuiu.TarasovVD.Sprint1.Task1.V5.Test.csproj", "{FA5E8625-B856-4391-875D-1DB88AD8ECF6}"
EndProject
Project("{FAE04EC0-301F-11D3-BF4B-00C04F79EFBC}") = "Tyuiu.TarasovVD.Sprint1.Task2.V4", "Tyuiu.TarasovVD.Sprint1.Task2.V4\Tyuiu.TarasovVD.Sprint1.Task2.V4.csproj", "{15735C29-184C-4590-8FA8-8761930552B8}"
EndProject
Project("{FAE04EC0-301F-11D3-BF4B-00C04F79EFBC}") = "Tyuiu.TarasovVD.Sprint1.Task2.V4.Lib", "Tyuiu.TarasovVD.Sprint1.Task2.V4.Lib\Tyuiu.TarasovVD.Sprint1.Task2.V4.Lib.csproj", "{4EFDE415-97CE-4E76-8752-F832785D48A4}"
EndProject
Project("{FAE04EC0-301F-11D3-BF4B-00C04F79EFBC}") = "Tyuiu.TarasovVD.Sprint1.Task2.V4.Test", "Tyuiu.TarasovVD.Sprint1.Task2.V4.Test\Tyuiu.TarasovVD.Sprint1.Task2.V4.Test.csproj", "{B4032E55-B9A3-4206-ADD8-0987B1CCE33C}"
EndProject
Global
	GlobalSection(SolutionConfigurationPlatforms) = preSolution
		Debug|Any CPU = Debug|Any CPU
		Release|Any CPU = Release|Any CPU
	EndGlobalSection
	GlobalSection(ProjectConfigurationPlatforms) = postSolution
		{BC5C6152-CB16-4C8A-B98E-30D226D0E988}.Debug|Any CPU.ActiveCfg = Debug|Any CPU
		{BC5C6152-CB16-4C8A-B98E-30D226D0E988}.Debug|Any CPU.Build.0 = Debug|Any CPU
		{BC5C6152-CB16-4C8A-B98E-30D226D0E988}.Release|Any CPU.ActiveCfg = Release|Any CPU
		{BC5C6152-CB16-4C8A-B98E-30D226D0E988}.Release|Any CPU.Build.0 = Release|Any CPU
		{BB145441-2D94-4953-B09C-07578C3A1B2F}.Debug|Any CPU.ActiveCfg = Debug|Any CPU
		{BB145441-2D94-4953-B09C-07578C3A1B2F}.Debug|Any CPU.Build.0 = Debug|Any CPU
		{BB145441-2D94-4953-B09C-07578C3A1B2F}.Release|Any CPU.ActiveCfg = Release|Any CPU
		{BB145441-2D94-4953-B09C-07578C3A1B2F}.Release|Any CPU.Build.0 = Release|Any CPU
		{C5CBBC24-EDA5-4D47-9074-3D0302EB50AB}.Debug|Any CPU.ActiveCfg = Debug|Any CPU
		{C5CBBC24-EDA5-4D47-9074-3D0302EB50AB}.Debug|Any CPU.Build.0 = Debug|Any CPU
		{C5CBBC24-EDA5-4D47-9074-3D0302EB50AB}.Release|Any CPU.ActiveCfg = Release|Any CPU
		{C5CBBC24-EDA5-4D47-9074-3D0302EB50AB}.Release|Any CPU.Build.0 = Release|Any CPU
		{B41DA173-47F3-4C37-92C1-1EDA50869B5A}.Debug|Any CPU.ActiveCfg = Debug|Any CPU
		{B41DA173-47F3-4C37-92C1-1EDA50869B5A}.Debug|Any CPU.Build.0 = Debug|Any CPU
		{B41DA173-47F3-4C37-92C1-1EDA50869B5A}.Release|Any CPU.ActiveCfg = Release|Any CPU
		{B41DA173-47F3-4C37-92C1-1EDA50869B5A}.Release|Any CPU.Build.0 = Release|Any CPU
		{AA08CD87-466D-4DCE-A3CC-04AC1ECA3FF3}.Debug|Any CPU.ActiveCfg = Debug|Any CPU
		{AA08CD87-466D-4DCE-A3CC-04AC1ECA3FF3}.Debug|Any CPU.Build.0 = Debug|Any CPU
		{AA08CD87-466D-4DCE-A3CC-04AC1ECA3FF3}.Release|Any CPU.ActiveCfg = Release|Any CPU
		{AA08CD87-466D-4DCE-A3CC-04AC1ECA3FF3}.Release|Any CPU.Build.0 = Release|Any CPU
		{FA5E8625-B856-4391-875D-1DB88AD8ECF6}.Debug|Any CPU.ActiveCfg = Debug|Any CPU
		{FA5E8625-B856-4391-875D-1DB88AD8ECF6}.Debug|Any CPU.Build.0 = Debug|Any CPU
		{FA5E8625-B856-4391-875D-1DB88AD8ECF6}.Release|Any CPU.ActiveCfg = Release|Any CPU
		{FA5E8625-B856-4391-875D-1DB88AD8ECF6}.Release|Any CPU.Build.0 = Release|Any CPU
		{15735C29-184C-4590-8FA8-8761930552B8}.Debug|Any CPU.ActiveCfg = Debug|Any CPU
		{15735C29-184C-4590-8FA8-8761930552B8}.Debug|Any CPU.Build.0 = Debug|Any CPU
		{15735C29-184C-4590-8FA8-8761930552B8}.Release|Any CPU.ActiveCfg = Release|Any CPU
		{15735C29-184C-4590-8FA8-8761930552B8}.Release|Any CPU.Build.0 = Release|Any CPU
		{4EFDE415-97CE-4E76-8752-F832785D48A4}.Debug|Any CPU.ActiveCfg = Debug|Any CPU
		{4EFDE415-97CE-4E76-8752-F832785D48A4}.Debug|Any CPU.Build.0 = Debug|Any CPU
		{4EFDE415-97CE-4E76-8752-F832785D48A4}.Release|Any CPU.ActiveCfg = Release|Any CPU
		{4EFDE415-97CE-4E76-8752-F832785D48A4}.Release|Any CPU.Build.0 = Release|Any CPU
		{B4032E55-B9A3-4206-ADD8-0987B1CCE33C}.Debug|Any CPU.ActiveCfg = Debug|Any CPU
		{B4032E55-B9A3-4206-ADD8-0987B1CCE33C}.Debug|Any CPU.Build.0 = Debug|Any CPU
		{B4032E55-B9A3-4206-ADD8-0987B1CCE33C}.Release|Any CPU.ActiveCfg = Release|Any CPU
		{B4032E55-B9A3-4206-ADD8-0987B1CCE33C}.Release|Any CPU.Build.0 = Release|Any CPU
	EndGlobalSection
	GlobalSection(SolutionProperties) = preSolution
		HideSolutionNode = FALSE
	EndGlobalSection
	GlobalSection(NestedProjects) = preSolution
		{BC5C6152-CB16-4C8A-B98E-30D226D0E988} = {3F5E041F-1BCF-40C4-ABCA-33228A5A51B1}
		{BB145441-2D94-4953-B09C-07578C3A1B2F} = {3F5E041F-1BCF-40C4-ABCA-33228A5A51B1}
		{C5CBBC24-EDA5-4D47-9074-3D0302EB50AB} = {3F5E041F-1BCF-40C4-ABCA-33228A5A51B1}
		{B41DA173-47F3-4C37-92C1-1EDA50869B5A} = {38B7B65B-EE48-4B74-84EF-6B7741A9FD70}
		{AA08CD87-466D-4DCE-A3CC-04AC1ECA3FF3} = {38B7B65B-EE48-4B74-84EF-6B7741A9FD70}
		{FA5E8625-B856-4391-875D-1DB88AD8ECF6} = {38B7B65B-EE48-4B74-84EF-6B7741A9FD70}
		{15735C29-184C-4590-8FA8-8761930552B8} = {B769ACCA-4303-49E0-984C-06E8DF62E3B3}
		{4EFDE415-97CE-4E76-8752-F832785D48A4} = {B769ACCA-4303-49E0-984C-06E8DF62E3B3}
		{B4032E55-B9A3-4206-ADD8-0987B1CCE33C} = {B769ACCA-4303-49E0-984C-06E8DF62E3B3}
	EndGlobalSection
	GlobalSection(ExtensibilityGlobals) = postSolution
		SolutionGuid = {63A2B366-BAB2-4FDC-8B4E-014E8E46A313}
	EndGlobalSection
EndGlobal
